// !$*UTF8*$!
{
	archiveVersion = 1;
	classes = {
	};
	objectVersion = 48;
	objects = {

/* Begin PBXBuildFile section */
		9358535C1FD0282F00D59F09 /* AppDelegate.m in Sources */ = {isa = PBXBuildFile; fileRef = 935853501FD0282F00D59F09 /* AppDelegate.m */; };
		9358535D1FD0282F00D59F09 /* Assets.xcassets in Resources */ = {isa = PBXBuildFile; fileRef = 935853511FD0282F00D59F09 /* Assets.xcassets */; };
		9358535E1FD0282F00D59F09 /* LaunchScreen.storyboard in Resources */ = {isa = PBXBuildFile; fileRef = 935853521FD0282F00D59F09 /* LaunchScreen.storyboard */; };
		9358535F1FD0282F00D59F09 /* Main.storyboard in Resources */ = {isa = PBXBuildFile; fileRef = 935853541FD0282F00D59F09 /* Main.storyboard */; };
		935853611FD0282F00D59F09 /* main.m in Sources */ = {isa = PBXBuildFile; fileRef = 935853571FD0282F00D59F09 /* main.m */; };
		935853621FD0282F00D59F09 /* PersonModel.m in Sources */ = {isa = PBXBuildFile; fileRef = 935853591FD0282F00D59F09 /* PersonModel.m */; };
		935853631FD0282F00D59F09 /* ViewController.m in Sources */ = {isa = PBXBuildFile; fileRef = 9358535B1FD0282F00D59F09 /* ViewController.m */; };
		935853661FD0286100D59F09 /* JPExport.m in Sources */ = {isa = PBXBuildFile; fileRef = 935853641FD0286100D59F09 /* JPExport.m */; };
/* End PBXBuildFile section */

/* Begin PBXFileReference section */
		9358532B1FCFED1D00D59F09 /* JPExport.app */ = {isa = PBXFileReference; explicitFileType = wrapper.application; includeInIndex = 0; path = JPExport.app; sourceTree = BUILT_PRODUCTS_DIR; };
		9358534F1FD0282F00D59F09 /* AppDelegate.h */ = {isa = PBXFileReference; fileEncoding = 4; lastKnownFileType = sourcecode.c.h; path = AppDelegate.h; sourceTree = "<group>"; };
		935853501FD0282F00D59F09 /* AppDelegate.m */ = {isa = PBXFileReference; fileEncoding = 4; lastKnownFileType = sourcecode.c.objc; path = AppDelegate.m; sourceTree = "<group>"; };
		935853511FD0282F00D59F09 /* Assets.xcassets */ = {isa = PBXFileReference; lastKnownFileType = folder.assetcatalog; path = Assets.xcassets; sourceTree = "<group>"; };
		935853531FD0282F00D59F09 /* Base */ = {isa = PBXFileReference; lastKnownFileType = file.storyboard; name = Base; path = Base.lproj/LaunchScreen.storyboard; sourceTree = "<group>"; };
		935853551FD0282F00D59F09 /* Base */ = {isa = PBXFileReference; lastKnownFileType = file.storyboard; name = Base; path = Base.lproj/Main.storyboard; sourceTree = "<group>"; };
		935853561FD0282F00D59F09 /* Info.plist */ = {isa = PBXFileReference; fileEncoding = 4; lastKnownFileType = text.plist.xml; path = Info.plist; sourceTree = "<group>"; };
		935853571FD0282F00D59F09 /* main.m */ = {isa = PBXFileReference; fileEncoding = 4; lastKnownFileType = sourcecode.c.objc; path = main.m; sourceTree = "<group>"; };
		935853581FD0282F00D59F09 /* PersonModel.h */ = {isa = PBXFileReference; fileEncoding = 4; lastKnownFileType = sourcecode.c.h; path = PersonModel.h; sourceTree = "<group>"; };
		935853591FD0282F00D59F09 /* PersonModel.m */ = {isa = PBXFileReference; fileEncoding = 4; lastKnownFileType = sourcecode.c.objc; path = PersonModel.m; sourceTree = "<group>"; };
		9358535A1FD0282F00D59F09 /* ViewController.h */ = {isa = PBXFileReference; fileEncoding = 4; lastKnownFileType = sourcecode.c.h; path = ViewController.h; sourceTree = "<group>"; };
		9358535B1FD0282F00D59F09 /* ViewController.m */ = {isa = PBXFileReference; fileEncoding = 4; lastKnownFileType = sourcecode.c.objc; path = ViewController.m; sourceTree = "<group>"; };
		935853641FD0286100D59F09 /* JPExport.m */ = {isa = PBXFileReference; fileEncoding = 4; lastKnownFileType = sourcecode.c.objc; path = JPExport.m; sourceTree = "<group>"; };
		935853651FD0286100D59F09 /* JPExport.h */ = {isa = PBXFileReference; fileEncoding = 4; lastKnownFileType = sourcecode.c.h; path = JPExport.h; sourceTree = "<group>"; };
/* End PBXFileReference section */

/* Begin PBXFrameworksBuildPhase section */
		935853281FCFED1D00D59F09 /* Frameworks */ = {
			isa = PBXFrameworksBuildPhase;
			buildActionMask = 2147483647;
			files = (
			);
			runOnlyForDeploymentPostprocessing = 0;
		};
/* End PBXFrameworksBuildPhase section */

/* Begin PBXGroup section */
		935853221FCFED1D00D59F09 = {
			isa = PBXGroup;
			children = (
				9358534E1FD0282F00D59F09 /* JPExport */,
				9358534A1FD01DF700D59F09 /* Source */,
				9358532C1FCFED1D00D59F09 /* Products */,
			);
			sourceTree = "<group>";
		};
		9358532C1FCFED1D00D59F09 /* Products */ = {
			isa = PBXGroup;
			children = (
				9358532B1FCFED1D00D59F09 /* JPExport.app */,
			);
			name = Products;
			sourceTree = "<group>";
		};
		9358534A1FD01DF700D59F09 /* Source */ = {
			isa = PBXGroup;
			children = (
				935853651FD0286100D59F09 /* JPExport.h */,
				935853641FD0286100D59F09 /* JPExport.m */,
			);
			path = Source;
			sourceTree = "<group>";
		};
		9358534E1FD0282F00D59F09 /* JPExport */ = {
			isa = PBXGroup;
			children = (
				9358534F1FD0282F00D59F09 /* AppDelegate.h */,
				935853501FD0282F00D59F09 /* AppDelegate.m */,
				935853581FD0282F00D59F09 /* PersonModel.h */,
				935853591FD0282F00D59F09 /* PersonModel.m */,
				9358535A1FD0282F00D59F09 /* ViewController.h */,
				9358535B1FD0282F00D59F09 /* ViewController.m */,
				935853671FD02A2700D59F09 /* Resource */,
			);
			path = JPExport;
			sourceTree = "<group>";
		};
		935853671FD02A2700D59F09 /* Resource */ = {
			isa = PBXGroup;
			children = (
				935853511FD0282F00D59F09 /* Assets.xcassets */,
				935853521FD0282F00D59F09 /* LaunchScreen.storyboard */,
				935853541FD0282F00D59F09 /* Main.storyboard */,
				935853561FD0282F00D59F09 /* Info.plist */,
				935853571FD0282F00D59F09 /* main.m */,
			);
			path = Resource;
			sourceTree = "<group>";
		};
/* End PBXGroup section */

/* Begin PBXNativeTarget section */
		9358532A1FCFED1D00D59F09 /* JPExport */ = {
			isa = PBXNativeTarget;
			buildConfigurationList = 935853411FCFED1D00D59F09 /* Build configuration list for PBXNativeTarget "JPExport" */;
			buildPhases = (
				935853271FCFED1D00D59F09 /* Sources */,
				935853281FCFED1D00D59F09 /* Frameworks */,
				935853291FCFED1D00D59F09 /* Resources */,
			);
			buildRules = (
			);
			dependencies = (
			);
			name = JPExport;
			productName = JPropertyExport;
			productReference = 9358532B1FCFED1D00D59F09 /* JPExport.app */;
			productType = "com.apple.product-type.application";
		};
/* End PBXNativeTarget section */

/* Begin PBXProject section */
		935853231FCFED1D00D59F09 /* Project object */ = {
			isa = PBXProject;
			attributes = {
				LastUpgradeCheck = 0910;
				ORGANIZATIONNAME = Jinxiansen;
				TargetAttributes = {
					9358532A1FCFED1D00D59F09 = {
						CreatedOnToolsVersion = 9.1;
						ProvisioningStyle = Automatic;
					};
				};
			};
			buildConfigurationList = 935853261FCFED1D00D59F09 /* Build configuration list for PBXProject "JPExport" */;
			compatibilityVersion = "Xcode 8.0";
			developmentRegion = en;
			hasScannedForEncodings = 0;
			knownRegions = (
				en,
				Base,
			);
			mainGroup = 935853221FCFED1D00D59F09;
			productRefGroup = 9358532C1FCFED1D00D59F09 /* Products */;
			projectDirPath = "";
			projectRoot = "";
			targets = (
				9358532A1FCFED1D00D59F09 /* JPExport */,
			);
		};
/* End PBXProject section */

/* Begin PBXResourcesBuildPhase section */
		935853291FCFED1D00D59F09 /* Resources */ = {
			isa = PBXResourcesBuildPhase;
			buildActionMask = 2147483647;
			files = (
				9358535F1FD0282F00D59F09 /* Main.storyboard in Resources */,
				9358535D1FD0282F00D59F09 /* Assets.xcassets in Resources */,
				9358535E1FD0282F00D59F09 /* LaunchScreen.storyboard in Resources */,
			);
			runOnlyForDeploymentPostprocessing = 0;
		};
/* End PBXResourcesBuildPhase section */

/* Begin PBXSourcesBuildPhase section */
		935853271FCFED1D00D59F09 /* Sources */ = {
			isa = PBXSourcesBuildPhase;
			buildActionMask = 2147483647;
			files = (
				935853621FD0282F00D59F09 /* PersonModel.m in Sources */,
				935853661FD0286100D59F09 /* JPExport.m in Sources */,
				9358535C1FD0282F00D59F09 /* AppDelegate.m in Sources */,
				935853611FD0282F00D59F09 /* main.m in Sources */,
				935853631FD0282F00D59F09 /* ViewController.m in Sources */,
			);
			runOnlyForDeploymentPostprocessing = 0;
		};
/* End PBXSourcesBuildPhase section */

/* Begin PBXVariantGroup section */
		935853521FD0282F00D59F09 /* LaunchScreen.storyboard */ = {
			isa = PBXVariantGroup;
			children = (
				935853531FD0282F00D59F09 /* Base */,
			);
			name = LaunchScreen.storyboard;
			sourceTree = "<group>";
		};
		935853541FD0282F00D59F09 /* Main.storyboard */ = {
			isa = PBXVariantGroup;
			children = (
				935853551FD0282F00D59F09 /* Base */,
			);
			name = Main.storyboard;
			sourceTree = "<group>";
		};
/* End PBXVariantGroup section */

/* Begin XCBuildConfiguration section */
		9358533F1FCFED1D00D59F09 /* Debug */ = {
			isa = XCBuildConfiguration;
			buildSettings = {
				ALWAYS_SEARCH_USER_PATHS = NO;
				CLANG_ANALYZER_NONNULL = YES;
				CLANG_ANALYZER_NUMBER_OBJECT_CONVERSION = YES_AGGRESSIVE;
				CLANG_CXX_LANGUAGE_STANDARD = "gnu++14";
				CLANG_CXX_LIBRARY = "libc++";
				CLANG_ENABLE_MODULES = YES;
				CLANG_ENABLE_OBJC_ARC = YES;
				CLANG_WARN_BLOCK_CAPTURE_AUTORELEASING = YES;
				CLANG_WARN_BOOL_CONVERSION = YES;
				CLANG_WARN_COMMA = YES;
				CLANG_WARN_CONSTANT_CONVERSION = YES;
				CLANG_WARN_DIRECT_OBJC_ISA_USAGE = YES_ERROR;
				CLANG_WARN_DOCUMENTATION_COMMENTS = YES;
				CLANG_WARN_EMPTY_BODY = YES;
				CLANG_WARN_ENUM_CONVERSION = YES;
				CLANG_WARN_INFINITE_RECURSION = YES;
				CLANG_WARN_INT_CONVERSION = YES;
				CLANG_WARN_NON_LITERAL_NULL_CONVERSION = YES;
				CLANG_WARN_OBJC_LITERAL_CONVERSION = YES;
				CLANG_WARN_OBJC_ROOT_CLASS = YES_ERROR;
				CLANG_WARN_RANGE_LOOP_ANALYSIS = YES;
				CLANG_WARN_STRICT_PROTOTYPES = YES;
				CLANG_WARN_SUSPICIOUS_MOVE = YES;
				CLANG_WARN_UNGUARDED_AVAILABILITY = YES_AGGRESSIVE;
				CLANG_WARN_UNREACHABLE_CODE = YES;
				CLANG_WARN__DUPLICATE_METHOD_MATCH = YES;
				CODE_SIGN_IDENTITY = "iPhone Developer";
				COPY_PHASE_STRIP = NO;
				DEBUG_INFORMATION_FORMAT = dwarf;
				ENABLE_STRICT_OBJC_MSGSEND = YES;
				ENABLE_TESTABILITY = YES;
				GCC_C_LANGUAGE_STANDARD = gnu11;
				GCC_DYNAMIC_NO_PIC = NO;
				GCC_NO_COMMON_BLOCKS = YES;
				GCC_OPTIMIZATION_LEVEL = 0;
				GCC_PREPROCESSOR_DEFINITIONS = (
					"DEBUG=1",
					"$(inherited)",
				);
				GCC_WARN_64_TO_32_BIT_CONVERSION = YES;
				GCC_WARN_ABOUT_RETURN_TYPE = YES_ERROR;
				GCC_WARN_UNDECLARED_SELECTOR = YES;
				GCC_WARN_UNINITIALIZED_AUTOS = YES_AGGRESSIVE;
				GCC_WARN_UNUSED_FUNCTION = YES;
				GCC_WARN_UNUSED_VARIABLE = YES;
				IPHONEOS_DEPLOYMENT_TARGET = 9.0;
				MTL_ENABLE_DEBUG_INFO = YES;
				ONLY_ACTIVE_ARCH = YES;
				SDKROOT = iphoneos;
			};
			name = Debug;
		};
		935853401FCFED1D00D59F09 /* Release */ = {
			isa = XCBuildConfiguration;
			buildSettings = {
				ALWAYS_SEARCH_USER_PATHS = NO;
				CLANG_ANALYZER_NONNULL = YES;
				CLANG_ANALYZER_NUMBER_OBJECT_CONVERSION = YES_AGGRESSIVE;
				CLANG_CXX_LANGUAGE_STANDARD = "gnu++14";
				CLANG_CXX_LIBRARY = "libc++";
				CLANG_ENABLE_MODULES = YES;
				CLANG_ENABLE_OBJC_ARC = YES;
				CLANG_WARN_BLOCK_CAPTURE_AUTORELEASING = YES;
				CLANG_WARN_BOOL_CONVERSION = YES;
				CLANG_WARN_COMMA = YES;
				CLANG_WARN_CONSTANT_CONVERSION = YES;
				CLANG_WARN_DIRECT_OBJC_ISA_USAGE = YES_ERROR;
				CLANG_WARN_DOCUMENTATION_COMMENTS = YES;
				CLANG_WARN_EMPTY_BODY = YES;
				CLANG_WARN_ENUM_CONVERSION = YES;
				CLANG_WARN_INFINITE_RECURSION = YES;
				CLANG_WARN_INT_CONVERSION = YES;
				CLANG_WARN_NON_LITERAL_NULL_CONVERSION = YES;
				CLANG_WARN_OBJC_LITERAL_CONVERSION = YES;
				CLANG_WARN_OBJC_ROOT_CLASS = YES_ERROR;
				CLANG_WARN_RANGE_LOOP_ANALYSIS = YES;
				CLANG_WARN_STRICT_PROTOTYPES = YES;
				CLANG_WARN_SUSPICIOUS_MOVE = YES;
				CLANG_WARN_UNGUARDED_AVAILABILITY = YES_AGGRESSIVE;
				CLANG_WARN_UNREACHABLE_CODE = YES;
				CLANG_WARN__DUPLICATE_METHOD_MATCH = YES;
				CODE_SIGN_IDENTITY = "iPhone Developer";
				COPY_PHASE_STRIP = NO;
				DEBUG_INFORMATION_FORMAT = "dwarf-with-dsym";
				ENABLE_NS_ASSERTIONS = NO;
				ENABLE_STRICT_OBJC_MSGSEND = YES;
				GCC_C_LANGUAGE_STANDARD = gnu11;
				GCC_NO_COMMON_BLOCKS = YES;
				GCC_WARN_64_TO_32_BIT_CONVERSION = YES;
				GCC_WARN_ABOUT_RETURN_TYPE = YES_ERROR;
				GCC_WARN_UNDECLARED_SELECTOR = YES;
				GCC_WARN_UNINITIALIZED_AUTOS = YES_AGGRESSIVE;
				GCC_WARN_UNUSED_FUNCTION = YES;
				GCC_WARN_UNUSED_VARIABLE = YES;
				IPHONEOS_DEPLOYMENT_TARGET = 9.0;
				MTL_ENABLE_DEBUG_INFO = NO;
				SDKROOT = iphoneos;
				VALIDATE_PRODUCT = YES;
			};
			name = Release;
		};
		935853421FCFED1D00D59F09 /* Debug */ = {
			isa = XCBuildConfiguration;
			buildSettings = {
				ASSETCATALOG_COMPILER_APPICON_NAME = AppIcon;
				CODE_SIGN_STYLE = Automatic;
				INFOPLIST_FILE = "$(SRCROOT)/JPExport/Resource/Info.plist";
				IPHONEOS_DEPLOYMENT_TARGET = 9.0;
				LD_RUNPATH_SEARCH_PATHS = "$(inherited) @executable_path/Frameworks";
				PRODUCT_BUNDLE_IDENTIFIER = com.jinxiansen.JPExport;
				PRODUCT_NAME = "$(TARGET_NAME)";
				TARGETED_DEVICE_FAMILY = "1,2";
			};
			name = Debug;
		};
		935853431FCFED1D00D59F09 /* Release */ = {
			isa = XCBuildConfiguration;
			buildSettings = {
				ASSETCATALOG_COMPILER_APPICON_NAME = AppIcon;
				CODE_SIGN_STYLE = Automatic;
				INFOPLIST_FILE = "$(SRCROOT)/JPExport/Resource/Info.plist";
				IPHONEOS_DEPLOYMENT_TARGET = 9.0;
				LD_RUNPATH_SEARCH_PATHS = "$(inherited) @executable_path/Frameworks";
				PRODUCT_BUNDLE_IDENTIFIER = com.jinxiansen.JPExport;
				PRODUCT_NAME = "$(TARGET_NAME)";
				TARGETED_DEVICE_FAMILY = "1,2";
			};
			name = Release;
		};
/* End XCBuildConfiguration section */

/* Begin XCConfigurationList section */
		935853261FCFED1D00D59F09 /* Build configuration list for PBXProject "JPExport" */ = {
			isa = XCConfigurationList;
			buildConfigurations = (
				9358533F1FCFED1D00D59F09 /* Debug */,
				935853401FCFED1D00D59F09 /* Release */,
			);
			defaultConfigurationIsVisible = 0;
			defaultConfigurationName = Release;
		};
		935853411FCFED1D00D59F09 /* Build configuration list for PBXNativeTarget "JPExport" */ = {
			isa = XCConfigurationList;
			buildConfigurations = (
				935853421FCFED1D00D59F09 /* Debug */,
				935853431FCFED1D00D59F09 /* Release */,
			);
			defaultConfigurationIsVisible = 0;
			defaultConfigurationName = Release;
		};
/* End XCConfigurationList section */
	};
	rootObject = 935853231FCFED1D00D59F09 /* Project object */;
}
